
Microsoft Visual Studio Solution File, Format Version 12.00
# Visual Studio Version 17
VisualStudioVersion = 17.14.36930.0
MinimumVisualStudioVersion = 10.0.40219.1
Project("{FAE04EC0-301F-11D3-BF4B-00C04F79EFBC}") = "SubtitleTextureReplacer", "SubtitleTextureReplacer\SubtitleTextureReplacer.csproj", "{258C7CFF-C7DA-41D3-B17C-8895B850BA0B}"
EndProject
Project("{FAE04EC0-301F-11D3-BF4B-00C04F79EFBC}") = "BRTRussifier", "BRTRussifier\BRTRussifier.csproj", "{B4EC3887-0544-4036-AADC-DF9D555E5FEB}"
EndProject
Project("{FAE04EC0-301F-11D3-BF4B-00C04F79EFBC}") = "HorrorMod", "ChaosMod\HorrorMod.csproj", "{7B6F290D-59A4-4B6A-A1BB-ECD3623C17E2}"
EndProject
Project("{FAE04EC0-301F-11D3-BF4B-00C04F79EFBC}") = "MidiToWav", "MidiToWav\MidiToWav.csproj", "{5DD48D68-80C2-4C66-9521-09619DD854E3}"
EndProject
Global
	GlobalSection(SolutionConfigurationPlatforms) = preSolution
		Debug|Any CPU = Debug|Any CPU
		Release|Any CPU = Release|Any CPU
	EndGlobalSection
	GlobalSection(ProjectConfigurationPlatforms) = postSolution
		{258C7CFF-C7DA-41D3-B17C-8895B850BA0B}.Debug|Any CPU.ActiveCfg = Debug|Any CPU
		{258C7CFF-C7DA-41D3-B17C-8895B850BA0B}.Debug|Any CPU.Build.0 = Debug|Any CPU
		{258C7CFF-C7DA-41D3-B17C-8895B850BA0B}.Release|Any CPU.ActiveCfg = Release|Any CPU
		{258C7CFF-C7DA-41D3-B17C-8895B850BA0B}.Release|Any CPU.Build.0 = Release|Any CPU
		{B4EC3887-0544-4036-AADC-DF9D555E5FEB}.Debug|Any CPU.ActiveCfg = Debug|Any CPU
		{B4EC3887-0544-4036-AADC-DF9D555E5FEB}.Debug|Any CPU.Build.0 = Debug|Any CPU
		{B4EC3887-0544-4036-AADC-DF9D555E5FEB}.Release|Any CPU.ActiveCfg = Release|Any CPU
		{B4EC3887-0544-4036-AADC-DF9D555E5FEB}.Release|Any CPU.Build.0 = Release|Any CPU
		{7B6F290D-59A4-4B6A-A1BB-ECD3623C17E2}.Debug|Any CPU.ActiveCfg = Debug|Any CPU
		{7B6F290D-59A4-4B6A-A1BB-ECD3623C17E2}.Debug|Any CPU.Build.0 = Debug|Any CPU
		{7B6F290D-59A4-4B6A-A1BB-ECD3623C17E2}.Release|Any CPU.ActiveCfg = Release|Any CPU
		{7B6F290D-59A4-4B6A-A1BB-ECD3623C17E2}.Release|Any CPU.Build.0 = Release|Any CPU
		{5DD48D68-80C2-4C66-9521-09619DD854E3}.Debug|Any CPU.ActiveCfg = Debug|Any CPU
		{5DD48D68-80C2-4C66-9521-09619DD854E3}.Debug|Any CPU.Build.0 = Debug|Any CPU
		{5DD48D68-80C2-4C66-9521-09619DD854E3}.Release|Any CPU.ActiveCfg = Release|Any CPU
		{5DD48D68-80C2-4C66-9521-09619DD854E3}.Release|Any CPU.Build.0 = Release|Any CPU
	EndGlobalSection
	GlobalSection(SolutionProperties) = preSolution
		HideSolutionNode = FALSE
	EndGlobalSection
	GlobalSection(ExtensibilityGlobals) = postSolution
		SolutionGuid = {FA1BF5CA-04D8-4FC5-9D09-2B8C3279483C}
	EndGlobalSection
EndGlobal
